{
    "_readme": [
        "This file locks the dependencies of your project to a known state",
        "Read more about it at https://getcomposer.org/doc/01-basic-usage.md#installing-dependencies",
        "This file is @generated automatically"
    ],
    "content-hash": "140013e64a99ef1e9764b03757763ceb",
    "packages": [
        {
            "name": "geekcom/phpjasper",
            "version": "dev-master",
            "source": {
                "type": "git",
                "url": "https://github.com/PHPJasper/phpjasper.git",
                "reference": "c11525c75959768e5db51a674c34783b3d292c4b"
            },
            "dist": {
                "type": "zip",
                "url": "https://api.github.com/repos/PHPJasper/phpjasper/zipball/c11525c75959768e5db51a674c34783b3d292c4b",
                "reference": "c11525c75959768e5db51a674c34783b3d292c4b",
                "shasum": ""
            },
            "require": {
                "php": "^7.2|^8.0"
            },
            "require-dev": {
                "php-coveralls/php-coveralls": "^2.2",
                "phpstan/phpstan": "^0.12.5",
                "phpunit/phpunit": "^8.4|^9.4",
                "squizlabs/php_codesniffer": "*"
            },
            "default-branch": true,
            "type": "library",
            "autoload": {
                "psr-4": {
                    "PHPJasper\\": "src/"
                }
            },
            "notification-url": "https://packagist.org/downloads/",
            "license": [
                "MIT"
            ],
            "authors": [
                {
                    "name": "Daniel Rodrigues Lima",
                    "email": "geekcom@php.net",
                    "role": "lead"
                }
            ],
            "description": "A PHP report generator",
            "keywords": [
                "pdf",
                "php-reports",
                "reports"
            ],
            "support": {
                "issues": "https://github.com/PHPJasper/phpjasper/issues",
                "source": "https://github.com/PHPJasper/phpjasper/tree/master"
            },
            "funding": [
                {
                    "url": "https://nubank.com.br/pagar/518o5/zVBzxd00Sb",
                    "type": "custom"
                }
            ],
            "time": "2022-06-24T12:15:53+00:00"
        }
    ],
    "packages-dev": [],
    "aliases": [],
    "minimum-stability": "dev",
    "stability-flags": {
        "geekcom/phpjasper": 20
    },
    "prefer-stable": false,
    "prefer-lowest": false,
    "platform": [],
    "platform-dev": [],
    "plugin-api-version": "2.2.0"
}
